Microsoft Visual Studio Solution File, Format Version 12.00
# Visual Studio Version 17
VisualStudioVersion = 17.5.2.0
MinimumVisualStudioVersion = 10.0.40219.1
Project("{FAE04EC0-301F-11D3-BF4B-00C04F79EFBC}") = "aula-para-ana", "aula-para-ana.csproj", "{B8B2B8B3-60D3-7DE6-00F1-A2C9FBEACF4F}"
EndProject
Global
	GlobalSection(SolutionConfigurationPlatforms) = preSolution
		Debug|Any CPU = Debug|Any CPU
		Release|Any CPU = Release|Any CPU
	EndGlobalSection
	GlobalSection(ProjectConfigurationPlatforms) = postSolution
		{B8B2B8B3-60D3-7DE6-00F1-A2C9FBEACF4F}.Debug|Any CPU.ActiveCfg = Debug|Any CPU
		{B8B2B8B3-60D3-7DE6-00F1-A2C9FBEACF4F}.Debug|Any CPU.Build.0 = Debug|Any CPU
		{B8B2B8B3-60D3-7DE6-00F1-A2C9FBEACF4F}.Release|Any CPU.ActiveCfg = Release|Any CPU
		{B8B2B8B3-60D3-7DE6-00F1-A2C9FBEACF4F}.Release|Any CPU.Build.0 = Release|Any CPU
	EndGlobalSection
	GlobalSection(SolutionProperties) = preSolution
		HideSolutionNode = FALSE
	EndGlobalSection
	GlobalSection(ExtensibilityGlobals) = postSolution
		SolutionGuid = {E313E019-F287-419B-A813-50EDAE42E1AC}
	EndGlobalSection
EndGlobal
